
Microsoft Visual Studio Solution File, Format Version 11.00
# Visual Studio 2010
Project("{8BC9CEB8-8B4A-11D0-8D11-00A0C91BC942}") = "Minecraft++", "Minecraft++\Minecraft++.vcxproj", "{6DAB0D29-208F-46AD-80D1-AAD78EE1DBF4}"
EndProject
Project("{2150E333-8FDC-42A3-9474-1A3956D46DE8}") = "Solution Items", "Solution Items", "{4AB666CD-9B5E-4D53-B104-2E9BAA7FE112}"
EndProject
Global
	GlobalSection(SolutionConfigurationPlatforms) = preSolution
		Debug|Win32 = Debug|Win32
		DebugDynamic|Win32 = DebugDynamic|Win32
		Release|Win32 = Release|Win32
		ReleaseDynamic|Win32 = ReleaseDynamic|Win32
	EndGlobalSection
	GlobalSection(ProjectConfigurationPlatforms) = postSolution
		{6DAB0D29-208F-46AD-80D1-AAD78EE1DBF4}.Debug|Win32.ActiveCfg = Debug|Win32
		{6DAB0D29-208F-46AD-80D1-AAD78EE1DBF4}.Debug|Win32.Build.0 = Debug|Win32
		{6DAB0D29-208F-46AD-80D1-AAD78EE1DBF4}.DebugDynamic|Win32.ActiveCfg = DebugDynamic|Win32
		{6DAB0D29-208F-46AD-80D1-AAD78EE1DBF4}.DebugDynamic|Win32.Build.0 = DebugDynamic|Win32
		{6DAB0D29-208F-46AD-80D1-AAD78EE1DBF4}.Release|Win32.ActiveCfg = Release|Win32
		{6DAB0D29-208F-46AD-80D1-AAD78EE1DBF4}.Release|Win32.Build.0 = Release|Win32
		{6DAB0D29-208F-46AD-80D1-AAD78EE1DBF4}.ReleaseDynamic|Win32.ActiveCfg = ReleaseDynamic|Win32
		{6DAB0D29-208F-46AD-80D1-AAD78EE1DBF4}.ReleaseDynamic|Win32.Build.0 = ReleaseDynamic|Win32
	EndGlobalSection
	GlobalSection(SolutionProperties) = preSolution
		HideSolutionNode = FALSE
	EndGlobalSection
EndGlobal
